
Microsoft Visual Studio Solution File, Format Version 12.00
# Visual Studio Version 17
VisualStudioVersion = 17.5.33502.453
MinimumVisualStudioVersion = 10.0.40219.1
Project("{FAE04EC0-301F-11D3-BF4B-00C04F79EFBC}") = "LezioniRiepilogoPw", "LezioniRiepilogoPw\LezioniRiepilogoPw.csproj", "{28B3D687-A14A-46EB-B3AE-1B0A10169601}"
EndProject
Global
	GlobalSection(SolutionConfigurationPlatforms) = preSolution
		Debug|Any CPU = Debug|Any CPU
		Release|Any CPU = Release|Any CPU
	EndGlobalSection
	GlobalSection(ProjectConfigurationPlatforms) = postSolution
		{28B3D687-A14A-46EB-B3AE-1B0A10169601}.Debug|Any CPU.ActiveCfg = Debug|Any CPU
		{28B3D687-A14A-46EB-B3AE-1B0A10169601}.Debug|Any CPU.Build.0 = Debug|Any CPU
		{28B3D687-A14A-46EB-B3AE-1B0A10169601}.Release|Any CPU.ActiveCfg = Release|Any CPU
		{28B3D687-A14A-46EB-B3AE-1B0A10169601}.Release|Any CPU.Build.0 = Release|Any CPU
	EndGlobalSection
	GlobalSection(SolutionProperties) = preSolution
		HideSolutionNode = FALSE
	EndGlobalSection
	GlobalSection(ExtensibilityGlobals) = postSolution
		SolutionGuid = {9251C929-1DB0-443F-A0F5-7C93D411286A}
	EndGlobalSection
EndGlobal
